// !$*UTF8*$!
{
	archiveVersion = 1;
	classes = {
	};
	objectVersion = 50;
	objects = {

/* Begin PBXBuildFile section */
		D78CCA29224D7DE300D5E328 /* AppDelegate.swift in Sources */ = {isa = PBXBuildFile; fileRef = D78CCA28224D7DE300D5E328 /* AppDelegate.swift */; };
		D78CCA2B224D7DE300D5E328 /* MasterViewController.swift in Sources */ = {isa = PBXBuildFile; fileRef = D78CCA2A224D7DE300D5E328 /* MasterViewController.swift */; };
		D78CCA2D224D7DE300D5E328 /* DetailViewController.swift in Sources */ = {isa = PBXBuildFile; fileRef = D78CCA2C224D7DE300D5E328 /* DetailViewController.swift */; };
		D78CCA30224D7DE300D5E328 /* Main.storyboard in Resources */ = {isa = PBXBuildFile; fileRef = D78CCA2E224D7DE300D5E328 /* Main.storyboard */; };
		D78CCA32224D7DE400D5E328 /* Assets.xcassets in Resources */ = {isa = PBXBuildFile; fileRef = D78CCA31224D7DE400D5E328 /* Assets.xcassets */; };
		D78CCA35224D7DE400D5E328 /* LaunchScreen.storyboard in Resources */ = {isa = PBXBuildFile; fileRef = D78CCA33224D7DE400D5E328 /* LaunchScreen.storyboard */; };
		D78CCA40224D7DE400D5E328 /* xfinityTests.swift in Sources */ = {isa = PBXBuildFile; fileRef = D78CCA3F224D7DE400D5E328 /* xfinityTests.swift */; };
		D78CCA4F224D83A900D5E328 /* XfinityBaseOperation.swift in Sources */ = {isa = PBXBuildFile; fileRef = D78CCA4E224D83A900D5E328 /* XfinityBaseOperation.swift */; };
		D78CCA56224DC18000D5E328 /* XfinityNetworkOperation.swift in Sources */ = {isa = PBXBuildFile; fileRef = D78CCA55224DC18000D5E328 /* XfinityNetworkOperation.swift */; };
		D78CCA58224DC1BF00D5E328 /* Simpson.json in Resources */ = {isa = PBXBuildFile; fileRef = D78CCA57224DC1BF00D5E328 /* Simpson.json */; };
		D78CCA62224DC6BF00D5E328 /* Icon.swift in Sources */ = {isa = PBXBuildFile; fileRef = D78CCA5B224DC6BF00D5E328 /* Icon.swift */; };
		D78CCA63224DC6BF00D5E328 /* Meta.swift in Sources */ = {isa = PBXBuildFile; fileRef = D78CCA5C224DC6BF00D5E328 /* Meta.swift */; };
		D78CCA64224DC6BF00D5E328 /* SimpsonDataModel.swift in Sources */ = {isa = PBXBuildFile; fileRef = D78CCA5D224DC6BF00D5E328 /* SimpsonDataModel.swift */; };
		D78CCA65224DC6BF00D5E328 /* Maintainer.swift in Sources */ = {isa = PBXBuildFile; fileRef = D78CCA5E224DC6BF00D5E328 /* Maintainer.swift */; };
		D78CCA66224DC6BF00D5E328 /* RelatedTopics.swift in Sources */ = {isa = PBXBuildFile; fileRef = D78CCA5F224DC6BF00D5E328 /* RelatedTopics.swift */; };
		D78CCA67224DC6BF00D5E328 /* Developer.swift in Sources */ = {isa = PBXBuildFile; fileRef = D78CCA60224DC6BF00D5E328 /* Developer.swift */; };
		D78CCA68224DC6BF00D5E328 /* Src_options.swift in Sources */ = {isa = PBXBuildFile; fileRef = D78CCA61224DC6BF00D5E328 /* Src_options.swift */; };
		D78CCA6E224EFFC400D5E328 /* XfinityDataManager.swift in Sources */ = {isa = PBXBuildFile; fileRef = D78CCA6D224EFFC400D5E328 /* XfinityDataManager.swift */; };
		D78CCA7A224F02EF00D5E328 /* XfinityItemsFactory.swift in Sources */ = {isa = PBXBuildFile; fileRef = D78CCA79224F02EF00D5E328 /* XfinityItemsFactory.swift */; };
		D78CCA80224F059400D5E328 /* XfinityItemViewModel.swift in Sources */ = {isa = PBXBuildFile; fileRef = D78CCA7F224F059300D5E328 /* XfinityItemViewModel.swift */; };
		D78CCA87224F0DFE00D5E328 /* XfinityNetworkProvider.swift in Sources */ = {isa = PBXBuildFile; fileRef = D78CCA86224F0DFE00D5E328 /* XfinityNetworkProvider.swift */; };
		D78CCA89224F1E3800D5E328 /* XfinityDataSource.swift in Sources */ = {isa = PBXBuildFile; fileRef = D78CCA88224F1E3800D5E328 /* XfinityDataSource.swift */; };
/* End PBXBuildFile section */

/* Begin PBXContainerItemProxy section */
		D78CCA3C224D7DE400D5E328 /* PBXContainerItemProxy */ = {
			isa = PBXContainerItemProxy;
			containerPortal = D78CCA1D224D7DE300D5E328 /* Project object */;
			proxyType = 1;
			remoteGlobalIDString = D78CCA24224D7DE300D5E328;
			remoteInfo = xfinity;
		};
/* End PBXContainerItemProxy section */

/* Begin PBXFileReference section */
		D78CCA25224D7DE300D5E328 /* xfinity.app */ = {isa = PBXFileReference; explicitFileType = wrapper.application; includeInIndex = 0; path = xfinity.app; sourceTree = BUILT_PRODUCTS_DIR; };
		D78CCA28224D7DE300D5E328 /* AppDelegate.swift */ = {isa = PBXFileReference; lastKnownFileType = sourcecode.swift; path = AppDelegate.swift; sourceTree = "<group>"; };
		D78CCA2A224D7DE300D5E328 /* MasterViewController.swift */ = {isa = PBXFileReference; lastKnownFileType = sourcecode.swift; path = MasterViewController.swift; sourceTree = "<group>"; };
		D78CCA2C224D7DE300D5E328 /* DetailViewController.swift */ = {isa = PBXFileReference; lastKnownFileType = sourcecode.swift; path = DetailViewController.swift; sourceTree = "<group>"; };
		D78CCA2F224D7DE300D5E328 /* Base */ = {isa = PBXFileReference; lastKnownFileType = file.storyboard; name = Base; path = Base.lproj/Main.storyboard; sourceTree = "<group>"; };
		D78CCA31224D7DE400D5E328 /* Assets.xcassets */ = {isa = PBXFileReference; lastKnownFileType = folder.assetcatalog; path = Assets.xcassets; sourceTree = "<group>"; };
		D78CCA34224D7DE400D5E328 /* Base */ = {isa = PBXFileReference; lastKnownFileType = file.storyboard; name = Base; path = Base.lproj/LaunchScreen.storyboard; sourceTree = "<group>"; };
		D78CCA36224D7DE400D5E328 /* Info.plist */ = {isa = PBXFileReference; lastKnownFileType = text.plist.xml; path = Info.plist; sourceTree = "<group>"; };
		D78CCA3B224D7DE400D5E328 /* xfinityTests.xctest */ = {isa = PBXFileReference; explicitFileType = wrapper.cfbundle; includeInIndex = 0; path = xfinityTests.xctest; sourceTree = BUILT_PRODUCTS_DIR; };
		D78CCA3F224D7DE400D5E328 /* xfinityTests.swift */ = {isa = PBXFileReference; lastKnownFileType = sourcecode.swift; path = xfinityTests.swift; sourceTree = "<group>"; };
		D78CCA41224D7DE400D5E328 /* Info.plist */ = {isa = PBXFileReference; lastKnownFileType = text.plist.xml; path = Info.plist; sourceTree = "<group>"; };
		D78CCA4E224D83A900D5E328 /* XfinityBaseOperation.swift */ = {isa = PBXFileReference; lastKnownFileType = sourcecode.swift; path = XfinityBaseOperation.swift; sourceTree = "<group>"; };
		D78CCA55224DC18000D5E328 /* XfinityNetworkOperation.swift */ = {isa = PBXFileReference; lastKnownFileType = sourcecode.swift; path = XfinityNetworkOperation.swift; sourceTree = "<group>"; };
		D78CCA57224DC1BF00D5E328 /* Simpson.json */ = {isa = PBXFileReference; lastKnownFileType = text.json; path = Simpson.json; sourceTree = "<group>"; };
		D78CCA5B224DC6BF00D5E328 /* Icon.swift */ = {isa = PBXFileReference; fileEncoding = 4; lastKnownFileType = sourcecode.swift; path = Icon.swift; sourceTree = "<group>"; };
		D78CCA5C224DC6BF00D5E328 /* Meta.swift */ = {isa = PBXFileReference; fileEncoding = 4; lastKnownFileType = sourcecode.swift; path = Meta.swift; sourceTree = "<group>"; };
		D78CCA5D224DC6BF00D5E328 /* SimpsonDataModel.swift */ = {isa = PBXFileReference; fileEncoding = 4; lastKnownFileType = sourcecode.swift; path = SimpsonDataModel.swift; sourceTree = "<group>"; };
		D78CCA5E224DC6BF00D5E328 /* Maintainer.swift */ = {isa = PBXFileReference; fileEncoding = 4; lastKnownFileType = sourcecode.swift; path = Maintainer.swift; sourceTree = "<group>"; };
		D78CCA5F224DC6BF00D5E328 /* RelatedTopics.swift */ = {isa = PBXFileReference; fileEncoding = 4; lastKnownFileType = sourcecode.swift; path = RelatedTopics.swift; sourceTree = "<group>"; };
		D78CCA60224DC6BF00D5E328 /* Developer.swift */ = {isa = PBXFileReference; fileEncoding = 4; lastKnownFileType = sourcecode.swift; path = Developer.swift; sourceTree = "<group>"; };
		D78CCA61224DC6BF00D5E328 /* Src_options.swift */ = {isa = PBXFileReference; fileEncoding = 4; lastKnownFileType = sourcecode.swift; path = Src_options.swift; sourceTree = "<group>"; };
		D78CCA6D224EFFC400D5E328 /* XfinityDataManager.swift */ = {isa = PBXFileReference; lastKnownFileType = sourcecode.swift; path = XfinityDataManager.swift; sourceTree = "<group>"; };
		D78CCA79224F02EF00D5E328 /* XfinityItemsFactory.swift */ = {isa = PBXFileReference; fileEncoding = 4; lastKnownFileType = sourcecode.swift; path = XfinityItemsFactory.swift; sourceTree = "<group>"; };
		D78CCA7F224F059300D5E328 /* XfinityItemViewModel.swift */ = {isa = PBXFileReference; lastKnownFileType = sourcecode.swift; path = XfinityItemViewModel.swift; sourceTree = "<group>"; };
		D78CCA86224F0DFE00D5E328 /* XfinityNetworkProvider.swift */ = {isa = PBXFileReference; lastKnownFileType = sourcecode.swift; path = XfinityNetworkProvider.swift; sourceTree = "<group>"; };
		D78CCA88224F1E3800D5E328 /* XfinityDataSource.swift */ = {isa = PBXFileReference; lastKnownFileType = sourcecode.swift; path = XfinityDataSource.swift; sourceTree = "<group>"; };
/* End PBXFileReference section */

/* Begin PBXFrameworksBuildPhase section */
		D78CCA22224D7DE300D5E328 /* Frameworks */ = {
			isa = PBXFrameworksBuildPhase;
			buildActionMask = 2147483647;
			files = (
			);
			runOnlyForDeploymentPostprocessing = 0;
		};
		D78CCA38224D7DE400D5E328 /* Frameworks */ = {
			isa = PBXFrameworksBuildPhase;
			buildActionMask = 2147483647;
			files = (
			);
			runOnlyForDeploymentPostprocessing = 0;
		};
/* End PBXFrameworksBuildPhase section */

/* Begin PBXGroup section */
		D78CCA1C224D7DE300D5E328 = {
			isa = PBXGroup;
			children = (
				D78CCA27224D7DE300D5E328 /* xfinity */,
				D78CCA3E224D7DE400D5E328 /* xfinityTests */,
				D78CCA26224D7DE300D5E328 /* Products */,
			);
			sourceTree = "<group>";
		};
		D78CCA26224D7DE300D5E328 /* Products */ = {
			isa = PBXGroup;
			children = (
				D78CCA25224D7DE300D5E328 /* xfinity.app */,
				D78CCA3B224D7DE400D5E328 /* xfinityTests.xctest */,
			);
			name = Products;
			sourceTree = "<group>";
		};
		D78CCA27224D7DE300D5E328 /* xfinity */ = {
			isa = PBXGroup;
			children = (
				D78CCA83224F0D5E00D5E328 /* Networking */,
				D78CCA4D224D82E500D5E328 /* Operations */,
				D78CCA69224DC6EA00D5E328 /* Data */,
				D78CCA28224D7DE300D5E328 /* AppDelegate.swift */,
				D78CCA2A224D7DE300D5E328 /* MasterViewController.swift */,
				D78CCA2C224D7DE300D5E328 /* DetailViewController.swift */,
				D78CCA2E224D7DE300D5E328 /* Main.storyboard */,
				D78CCA31224D7DE400D5E328 /* Assets.xcassets */,
				D78CCA33224D7DE400D5E328 /* LaunchScreen.storyboard */,
				D78CCA36224D7DE400D5E328 /* Info.plist */,
			);
			path = xfinity;
			sourceTree = "<group>";
		};
		D78CCA3E224D7DE400D5E328 /* xfinityTests */ = {
			isa = PBXGroup;
			children = (
				D78CCA3F224D7DE400D5E328 /* xfinityTests.swift */,
				D78CCA41224D7DE400D5E328 /* Info.plist */,
				D78CCA57224DC1BF00D5E328 /* Simpson.json */,
			);
			path = xfinityTests;
			sourceTree = "<group>";
		};
		D78CCA4D224D82E500D5E328 /* Operations */ = {
			isa = PBXGroup;
			children = (
				D78CCA4E224D83A900D5E328 /* XfinityBaseOperation.swift */,
				D78CCA55224DC18000D5E328 /* XfinityNetworkOperation.swift */,
			);
			path = Operations;
			sourceTree = "<group>";
		};
		D78CCA5A224DC6A200D5E328 /* Model */ = {
			isa = PBXGroup;
			children = (
				D78CCA60224DC6BF00D5E328 /* Developer.swift */,
				D78CCA5B224DC6BF00D5E328 /* Icon.swift */,
				D78CCA5D224DC6BF00D5E328 /* SimpsonDataModel.swift */,
				D78CCA5E224DC6BF00D5E328 /* Maintainer.swift */,
				D78CCA5C224DC6BF00D5E328 /* Meta.swift */,
				D78CCA5F224DC6BF00D5E328 /* RelatedTopics.swift */,
				D78CCA61224DC6BF00D5E328 /* Src_options.swift */,
			);
			path = Model;
			sourceTree = "<group>";
		};
		D78CCA69224DC6EA00D5E328 /* Data */ = {
			isa = PBXGroup;
			children = (
				D78CCA5A224DC6A200D5E328 /* Model */,
				D78CCA70224F005500D5E328 /* Factory */,
				D78CCA6F224F004B00D5E328 /* DataProvider */,
				D78CCA6A224DC70100D5E328 /* Manager */,
				D78CCA7F224F059300D5E328 /* XfinityItemViewModel.swift */,
			);
			path = Data;
			sourceTree = "<group>";
		};
		D78CCA6A224DC70100D5E328 /* Manager */ = {
			isa = PBXGroup;
			children = (
				D78CCA6D224EFFC400D5E328 /* XfinityDataManager.swift */,
			);
			name = Manager;
			sourceTree = "<group>";
		};
		D78CCA6F224F004B00D5E328 /* DataProvider */ = {
			isa = PBXGroup;
			children = (
				D78CCA88224F1E3800D5E328 /* XfinityDataSource.swift */,
			);
			name = DataProvider;
			sourceTree = "<group>";
		};
		D78CCA70224F005500D5E328 /* Factory */ = {
			isa = PBXGroup;
			children = (
				D78CCA79224F02EF00D5E328 /* XfinityItemsFactory.swift */,
			);
			name = Factory;
			sourceTree = "<group>";
		};
		D78CCA83224F0D5E00D5E328 /* Networking */ = {
			isa = PBXGroup;
			children = (
				D78CCA86224F0DFE00D5E328 /* XfinityNetworkProvider.swift */,
			);
			path = Networking;
			sourceTree = "<group>";
		};
/* End PBXGroup section */

/* Begin PBXNativeTarget section */
		D78CCA24224D7DE300D5E328 /* xfinity */ = {
			isa = PBXNativeTarget;
			buildConfigurationList = D78CCA44224D7DE400D5E328 /* Build configuration list for PBXNativeTarget "xfinity" */;
			buildPhases = (
				D78CCA21224D7DE300D5E328 /* Sources */,
				D78CCA22224D7DE300D5E328 /* Frameworks */,
				D78CCA23224D7DE300D5E328 /* Resources */,
			);
			buildRules = (
			);
			dependencies = (
			);
			name = xfinity;
			productName = xfinity;
			productReference = D78CCA25224D7DE300D5E328 /* xfinity.app */;
			productType = "com.apple.product-type.application";
		};
		D78CCA3A224D7DE400D5E328 /* xfinityTests */ = {
			isa = PBXNativeTarget;
			buildConfigurationList = D78CCA47224D7DE400D5E328 /* Build configuration list for PBXNativeTarget "xfinityTests" */;
			buildPhases = (
				D78CCA37224D7DE400D5E328 /* Sources */,
				D78CCA38224D7DE400D5E328 /* Frameworks */,
				D78CCA39224D7DE400D5E328 /* Resources */,
			);
			buildRules = (
			);
			dependencies = (
				D78CCA3D224D7DE400D5E328 /* PBXTargetDependency */,
			);
			name = xfinityTests;
			productName = xfinityTests;
			productReference = D78CCA3B224D7DE400D5E328 /* xfinityTests.xctest */;
			productType = "com.apple.product-type.bundle.unit-test";
		};
/* End PBXNativeTarget section */

/* Begin PBXProject section */
		D78CCA1D224D7DE300D5E328 /* Project object */ = {
			isa = PBXProject;
			attributes = {
				LastSwiftUpdateCheck = 1010;
				LastUpgradeCheck = 1010;
				ORGANIZATIONNAME = "Sudhir Kumar";
				TargetAttributes = {
					D78CCA24224D7DE300D5E328 = {
						CreatedOnToolsVersion = 10.1;
					};
					D78CCA3A224D7DE400D5E328 = {
						CreatedOnToolsVersion = 10.1;
						TestTargetID = D78CCA24224D7DE300D5E328;
					};
				};
			};
			buildConfigurationList = D78CCA20224D7DE300D5E328 /* Build configuration list for PBXProject "xfinity" */;
			compatibilityVersion = "Xcode 9.3";
			developmentRegion = en;
			hasScannedForEncodings = 0;
			knownRegions = (
				en,
				Base,
			);
			mainGroup = D78CCA1C224D7DE300D5E328;
			productRefGroup = D78CCA26224D7DE300D5E328 /* Products */;
			projectDirPath = "";
			projectRoot = "";
			targets = (
				D78CCA24224D7DE300D5E328 /* xfinity */,
				D78CCA3A224D7DE400D5E328 /* xfinityTests */,
			);
		};
/* End PBXProject section */

/* Begin PBXResourcesBuildPhase section */
		D78CCA23224D7DE300D5E328 /* Resources */ = {
			isa = PBXResourcesBuildPhase;
			buildActionMask = 2147483647;
			files = (
				D78CCA35224D7DE400D5E328 /* LaunchScreen.storyboard in Resources */,
				D78CCA32224D7DE400D5E328 /* Assets.xcassets in Resources */,
				D78CCA30224D7DE300D5E328 /* Main.storyboard in Resources */,
			);
			runOnlyForDeploymentPostprocessing = 0;
		};
		D78CCA39224D7DE400D5E328 /* Resources */ = {
			isa = PBXResourcesBuildPhase;
			buildActionMask = 2147483647;
			files = (
				D78CCA58224DC1BF00D5E328 /* Simpson.json in Resources */,
			);
			runOnlyForDeploymentPostprocessing = 0;
		};
/* End PBXResourcesBuildPhase section */

/* Begin PBXSourcesBuildPhase section */
		D78CCA21224D7DE300D5E328 /* Sources */ = {
			isa = PBXSourcesBuildPhase;
			buildActionMask = 2147483647;
			files = (
				D78CCA62224DC6BF00D5E328 /* Icon.swift in Sources */,
				D78CCA4F224D83A900D5E328 /* XfinityBaseOperation.swift in Sources */,
				D78CCA65224DC6BF00D5E328 /* Maintainer.swift in Sources */,
				D78CCA6E224EFFC400D5E328 /* XfinityDataManager.swift in Sources */,
				D78CCA68224DC6BF00D5E328 /* Src_options.swift in Sources */,
				D78CCA2D224D7DE300D5E328 /* DetailViewController.swift in Sources */,
				D78CCA89224F1E3800D5E328 /* XfinityDataSource.swift in Sources */,
				D78CCA7A224F02EF00D5E328 /* XfinityItemsFactory.swift in Sources */,
				D78CCA2B224D7DE300D5E328 /* MasterViewController.swift in Sources */,
				D78CCA29224D7DE300D5E328 /* AppDelegate.swift in Sources */,
				D78CCA64224DC6BF00D5E328 /* SimpsonDataModel.swift in Sources */,
				D78CCA87224F0DFE00D5E328 /* XfinityNetworkProvider.swift in Sources */,
				D78CCA63224DC6BF00D5E328 /* Meta.swift in Sources */,
				D78CCA80224F059400D5E328 /* XfinityItemViewModel.swift in Sources */,
				D78CCA56224DC18000D5E328 /* XfinityNetworkOperation.swift in Sources */,
				D78CCA67224DC6BF00D5E328 /* Developer.swift in Sources */,
				D78CCA66224DC6BF00D5E328 /* RelatedTopics.swift in Sources */,
			);
			runOnlyForDeploymentPostprocessing = 0;
		};
		D78CCA37224D7DE400D5E328 /* Sources */ = {
			isa = PBXSourcesBuildPhase;
			buildActionMask = 2147483647;
			files = (
				D78CCA40224D7DE400D5E328 /* xfinityTests.swift in Sources */,
			);
			runOnlyForDeploymentPostprocessing = 0;
		};
/* End PBXSourcesBuildPhase section */

/* Begin PBXTargetDependency section */
		D78CCA3D224D7DE400D5E328 /* PBXTargetDependency */ = {
			isa = PBXTargetDependency;
			target = D78CCA24224D7DE300D5E328 /* xfinity */;
			targetProxy = D78CCA3C224D7DE400D5E328 /* PBXContainerItemProxy */;
		};
/* End PBXTargetDependency section */

/* Begin PBXVariantGroup section */
		D78CCA2E224D7DE300D5E328 /* Main.storyboard */ = {
			isa = PBXVariantGroup;
			children = (
				D78CCA2F224D7DE300D5E328 /* Base */,
			);
			name = Main.storyboard;
			sourceTree = "<group>";
		};
		D78CCA33224D7DE400D5E328 /* LaunchScreen.storyboard */ = {
			isa = PBXVariantGroup;
			children = (
				D78CCA34224D7DE400D5E328 /* Base */,
			);
			name = LaunchScreen.storyboard;
			sourceTree = "<group>";
		};
/* End PBXVariantGroup section */

/* Begin XCBuildConfiguration section */
		D78CCA42224D7DE400D5E328 /* Debug */ = {
			isa = XCBuildConfiguration;
			buildSettings = {
				ALWAYS_SEARCH_USER_PATHS = NO;
				CLANG_ANALYZER_NONNULL = YES;
				CLANG_ANALYZER_NUMBER_OBJECT_CONVERSION = YES_AGGRESSIVE;
				CLANG_CXX_LANGUAGE_STANDARD = "gnu++14";
				CLANG_CXX_LIBRARY = "libc++";
				CLANG_ENABLE_MODULES = YES;
				CLANG_ENABLE_OBJC_ARC = YES;
				CLANG_ENABLE_OBJC_WEAK = YES;
				CLANG_WARN_BLOCK_CAPTURE_AUTORELEASING = YES;
				CLANG_WARN_BOOL_CONVERSION = YES;
				CLANG_WARN_COMMA = YES;
				CLANG_WARN_CONSTANT_CONVERSION = YES;
				CLANG_WARN_DEPRECATED_OBJC_IMPLEMENTATIONS = YES;
				CLANG_WARN_DIRECT_OBJC_ISA_USAGE = YES_ERROR;
				CLANG_WARN_DOCUMENTATION_COMMENTS = YES;
				CLANG_WARN_EMPTY_BODY = YES;
				CLANG_WARN_ENUM_CONVERSION = YES;
				CLANG_WARN_INFINITE_RECURSION = YES;
				CLANG_WARN_INT_CONVERSION = YES;
				CLANG_WARN_NON_LITERAL_NULL_CONVERSION = YES;
				CLANG_WARN_OBJC_IMPLICIT_RETAIN_SELF = YES;
				CLANG_WARN_OBJC_LITERAL_CONVERSION = YES;
				CLANG_WARN_OBJC_ROOT_CLASS = YES_ERROR;
				CLANG_WARN_RANGE_LOOP_ANALYSIS = YES;
				CLANG_WARN_STRICT_PROTOTYPES = YES;
				CLANG_WARN_SUSPICIOUS_MOVE = YES;
				CLANG_WARN_UNGUARDED_AVAILABILITY = YES_AGGRESSIVE;
				CLANG_WARN_UNREACHABLE_CODE = YES;
				CLANG_WARN__DUPLICATE_METHOD_MATCH = YES;
				CODE_SIGN_IDENTITY = "iPhone Developer";
				COPY_PHASE_STRIP = NO;
				DEBUG_INFORMATION_FORMAT = dwarf;
				ENABLE_STRICT_OBJC_MSGSEND = YES;
				ENABLE_TESTABILITY = YES;
				GCC_C_LANGUAGE_STANDARD = gnu11;
				GCC_DYNAMIC_NO_PIC = NO;
				GCC_NO_COMMON_BLOCKS = YES;
				GCC_OPTIMIZATION_LEVEL = 0;
				GCC_PREPROCESSOR_DEFINITIONS = (
					"DEBUG=1",
					"$(inherited)",
				);
				GCC_WARN_64_TO_32_BIT_CONVERSION = YES;
				GCC_WARN_ABOUT_RETURN_TYPE = YES_ERROR;
				GCC_WARN_UNDECLARED_SELECTOR = YES;
				GCC_WARN_UNINITIALIZED_AUTOS = YES_AGGRESSIVE;
				GCC_WARN_UNUSED_FUNCTION = YES;
				GCC_WARN_UNUSED_VARIABLE = YES;
				IPHONEOS_DEPLOYMENT_TARGET = 12.1;
				MTL_ENABLE_DEBUG_INFO = INCLUDE_SOURCE;
				MTL_FAST_MATH = YES;
				ONLY_ACTIVE_ARCH = YES;
				SDKROOT = iphoneos;
				SWIFT_ACTIVE_COMPILATION_CONDITIONS = DEBUG;
				SWIFT_OPTIMIZATION_LEVEL = "-Onone";
			};
			name = Debug;
		};
		D78CCA43224D7DE400D5E328 /* Release */ = {
			isa = XCBuildConfiguration;
			buildSettings = {
				ALWAYS_SEARCH_USER_PATHS = NO;
				CLANG_ANALYZER_NONNULL = YES;
				CLANG_ANALYZER_NUMBER_OBJECT_CONVERSION = YES_AGGRESSIVE;
				CLANG_CXX_LANGUAGE_STANDARD = "gnu++14";
				CLANG_CXX_LIBRARY = "libc++";
				CLANG_ENABLE_MODULES = YES;
				CLANG_ENABLE_OBJC_ARC = YES;
				CLANG_ENABLE_OBJC_WEAK = YES;
				CLANG_WARN_BLOCK_CAPTURE_AUTORELEASING = YES;
				CLANG_WARN_BOOL_CONVERSION = YES;
				CLANG_WARN_COMMA = YES;
				CLANG_WARN_CONSTANT_CONVERSION = YES;
				CLANG_WARN_DEPRECATED_OBJC_IMPLEMENTATIONS = YES;
				CLANG_WARN_DIRECT_OBJC_ISA_USAGE = YES_ERROR;
				CLANG_WARN_DOCUMENTATION_COMMENTS = YES;
				CLANG_WARN_EMPTY_BODY = YES;
				CLANG_WARN_ENUM_CONVERSION = YES;
				CLANG_WARN_INFINITE_RECURSION = YES;
				CLANG_WARN_INT_CONVERSION = YES;
				CLANG_WARN_NON_LITERAL_NULL_CONVERSION = YES;
				CLANG_WARN_OBJC_IMPLICIT_RETAIN_SELF = YES;
				CLANG_WARN_OBJC_LITERAL_CONVERSION = YES;
				CLANG_WARN_OBJC_ROOT_CLASS = YES_ERROR;
				CLANG_WARN_RANGE_LOOP_ANALYSIS = YES;
				CLANG_WARN_STRICT_PROTOTYPES = YES;
				CLANG_WARN_SUSPICIOUS_MOVE = YES;
				CLANG_WARN_UNGUARDED_AVAILABILITY = YES_AGGRESSIVE;
				CLANG_WARN_UNREACHABLE_CODE = YES;
				CLANG_WARN__DUPLICATE_METHOD_MATCH = YES;
				CODE_SIGN_IDENTITY = "iPhone Developer";
				COPY_PHASE_STRIP = NO;
				DEBUG_INFORMATION_FORMAT = "dwarf-with-dsym";
				ENABLE_NS_ASSERTIONS = NO;
				ENABLE_STRICT_OBJC_MSGSEND = YES;
				GCC_C_LANGUAGE_STANDARD = gnu11;
				GCC_NO_COMMON_BLOCKS = YES;
				GCC_WARN_64_TO_32_BIT_CONVERSION = YES;
				GCC_WARN_ABOUT_RETURN_TYPE = YES_ERROR;
				GCC_WARN_UNDECLARED_SELECTOR = YES;
				GCC_WARN_UNINITIALIZED_AUTOS = YES_AGGRESSIVE;
				GCC_WARN_UNUSED_FUNCTION = YES;
				GCC_WARN_UNUSED_VARIABLE = YES;
				IPHONEOS_DEPLOYMENT_TARGET = 12.1;
				MTL_ENABLE_DEBUG_INFO = NO;
				MTL_FAST_MATH = YES;
				SDKROOT = iphoneos;
				SWIFT_COMPILATION_MODE = wholemodule;
				SWIFT_OPTIMIZATION_LEVEL = "-O";
				VALIDATE_PRODUCT = YES;
			};
			name = Release;
		};
		D78CCA45224D7DE400D5E328 /* Debug */ = {
			isa = XCBuildConfiguration;
			buildSettings = {
				ASSETCATALOG_COMPILER_APPICON_NAME = AppIcon;
				CODE_SIGN_STYLE = Automatic;
				INFOPLIST_FILE = xfinity/Info.plist;
				LD_RUNPATH_SEARCH_PATHS = (
					"$(inherited)",
					"@executable_path/Frameworks",
				);
				PRODUCT_BUNDLE_IDENTIFIER = skumar.xfinity;
				PRODUCT_NAME = "$(TARGET_NAME)";
				SWIFT_VERSION = 4.2;
				TARGETED_DEVICE_FAMILY = "1,2";
			};
			name = Debug;
		};
		D78CCA46224D7DE400D5E328 /* Release */ = {
			isa = XCBuildConfiguration;
			buildSettings = {
				ASSETCATALOG_COMPILER_APPICON_NAME = AppIcon;
				CODE_SIGN_STYLE = Automatic;
				INFOPLIST_FILE = xfinity/Info.plist;
				LD_RUNPATH_SEARCH_PATHS = (
					"$(inherited)",
					"@executable_path/Frameworks",
				);
				PRODUCT_BUNDLE_IDENTIFIER = skumar.xfinity;
				PRODUCT_NAME = "$(TARGET_NAME)";
				SWIFT_VERSION = 4.2;
				TARGETED_DEVICE_FAMILY = "1,2";
			};
			name = Release;
		};
		D78CCA48224D7DE400D5E328 /* Debug */ = {
			isa = XCBuildConfiguration;
			buildSettings = {
				ALWAYS_EMBED_SWIFT_STANDARD_LIBRARIES = YES;
				BUNDLE_LOADER = "$(TEST_HOST)";
				CODE_SIGN_STYLE = Automatic;
				INFOPLIST_FILE = xfinityTests/Info.plist;
				LD_RUNPATH_SEARCH_PATHS = (
					"$(inherited)",
					"@executable_path/Frameworks",
					"@loader_path/Frameworks",
				);
				PRODUCT_BUNDLE_IDENTIFIER = skumar.xfinityTests;
				PRODUCT_NAME = "$(TARGET_NAME)";
				SWIFT_VERSION = 4.2;
				TARGETED_DEVICE_FAMILY = "1,2";
				TEST_HOST = "$(BUILT_PRODUCTS_DIR)/xfinity.app/xfinity";
			};
			name = Debug;
		};
		D78CCA49224D7DE400D5E328 /* Release */ = {
			isa = XCBuildConfiguration;
			buildSettings = {
				ALWAYS_EMBED_SWIFT_STANDARD_LIBRARIES = YES;
				BUNDLE_LOADER = "$(TEST_HOST)";
				CODE_SIGN_STYLE = Automatic;
				INFOPLIST_FILE = xfinityTests/Info.plist;
				LD_RUNPATH_SEARCH_PATHS = (
					"$(inherited)",
					"@executable_path/Frameworks",
					"@loader_path/Frameworks",
				);
				PRODUCT_BUNDLE_IDENTIFIER = skumar.xfinityTests;
				PRODUCT_NAME = "$(TARGET_NAME)";
				SWIFT_VERSION = 4.2;
				TARGETED_DEVICE_FAMILY = "1,2";
				TEST_HOST = "$(BUILT_PRODUCTS_DIR)/xfinity.app/xfinity";
			};
			name = Release;
		};
/* End XCBuildConfiguration section */

/* Begin XCConfigurationList section */
		D78CCA20224D7DE300D5E328 /* Build configuration list for PBXProject "xfinity" */ = {
			isa = XCConfigurationList;
			buildConfigurations = (
				D78CCA42224D7DE400D5E328 /* Debug */,
				D78CCA43224D7DE400D5E328 /* Release */,
			);
			defaultConfigurationIsVisible = 0;
			defaultConfigurationName = Release;
		};
		D78CCA44224D7DE400D5E328 /* Build configuration list for PBXNativeTarget "xfinity" */ = {
			isa = XCConfigurationList;
			buildConfigurations = (
				D78CCA45224D7DE400D5E328 /* Debug */,
				D78CCA46224D7DE400D5E328 /* Release */,
			);
			defaultConfigurationIsVisible = 0;
			defaultConfigurationName = Release;
		};
		D78CCA47224D7DE400D5E328 /* Build configuration list for PBXNativeTarget "xfinityTests" */ = {
			isa = XCConfigurationList;
			buildConfigurations = (
				D78CCA48224D7DE400D5E328 /* Debug */,
				D78CCA49224D7DE400D5E328 /* Release */,
			);
			defaultConfigurationIsVisible = 0;
			defaultConfigurationName = Release;
		};
/* End XCConfigurationList section */
	};
	rootObject = D78CCA1D224D7DE300D5E328 /* Project object */;
}
